{
  "name": "@daniel-dada/bubbleui-core",
  "version": "0.1.0",
  "lockfileVersion": 3,
  "requires": true,
  "packages": {
    "": {
      "name": "@daniel-dada/bubbleui-core",
      "version": "0.1.0",
      "license": "MIT",
      "dependencies": {
        "@daniel-dada/bubbleui-core": "^0.1.0"
      }
    },
    "node_modules/@daniel-dada/bubbleui-core": {
      "version": "0.1.0",
      "resolved": "https://registry.npmjs.org/@daniel-dada/bubbleui-core/-/bubbleui-core-0.1.0.tgz",
      "integrity": "sha512-Om8uH1955cSG6zCPvCrd2m+hPV11I3d6HZgmhbn6+6QGtcwPWBKgTDdMj6d0Nhwhr08XRelcO1ZRowVSQBt7mw==",
      "license": "MIT"
    }
  }
}
